
Microsoft Visual Studio Solution File, Format Version 12.00
# Visual Studio 15
VisualStudioVersion = 15.0.28307.757
MinimumVisualStudioVersion = 10.0.40219.1
Project("{9A19103F-16F7-4668-BE54-9A1E7A4F7556}") = "WebApp", "WebApp\WebApp.csproj", "{8D808CBB-6ADC-4A1B-BF41-1C09E6DDDF5A}"
EndProject
Project("{9092AA53-FB77-4645-B42D-1CCCA6BD08BD}") = "ServerlessApp", "ServerlessApp\ServerlessApp.njsproj", "{FC6E229A-8EE7-41C6-93EE-0AA5E76CD043}"
EndProject
Global
	GlobalSection(SolutionConfigurationPlatforms) = preSolution
		Debug|Any CPU = Debug|Any CPU
		Release|Any CPU = Release|Any CPU
	EndGlobalSection
	GlobalSection(ProjectConfigurationPlatforms) = postSolution
		{8D808CBB-6ADC-4A1B-BF41-1C09E6DDDF5A}.Debug|Any CPU.ActiveCfg = Debug|Any CPU
		{8D808CBB-6ADC-4A1B-BF41-1C09E6DDDF5A}.Debug|Any CPU.Build.0 = Debug|Any CPU
		{8D808CBB-6ADC-4A1B-BF41-1C09E6DDDF5A}.Release|Any CPU.ActiveCfg = Release|Any CPU
		{8D808CBB-6ADC-4A1B-BF41-1C09E6DDDF5A}.Release|Any CPU.Build.0 = Release|Any CPU
		{FC6E229A-8EE7-41C6-93EE-0AA5E76CD043}.Debug|Any CPU.ActiveCfg = Debug|Any CPU
		{FC6E229A-8EE7-41C6-93EE-0AA5E76CD043}.Debug|Any CPU.Build.0 = Debug|Any CPU
		{FC6E229A-8EE7-41C6-93EE-0AA5E76CD043}.Release|Any CPU.ActiveCfg = Release|Any CPU
		{FC6E229A-8EE7-41C6-93EE-0AA5E76CD043}.Release|Any CPU.Build.0 = Release|Any CPU
	EndGlobalSection
	GlobalSection(SolutionProperties) = preSolution
		HideSolutionNode = FALSE
	EndGlobalSection
	GlobalSection(ExtensibilityGlobals) = postSolution
		SolutionGuid = {2B81CC22-A1F5-43CD-A3BC-616616D7FD4B}
	EndGlobalSection
EndGlobal
